
Microsoft Visual Studio Solution File, Format Version 12.00
# Visual Studio Version 16
VisualStudioVersion = 16.0.29911.84
MinimumVisualStudioVersion = 10.0.40219.1
Project("{FAE04EC0-301F-11D3-BF4B-00C04F79EFBC}") = "ObjectOrientedProgrammingCSharp", "ObjectOrientedProgrammingCSharp\ObjectOrientedProgrammingCSharp.csproj", "{8B2B35AA-E75D-4114-A007-A9C6578A1DDA}"
EndProject
Global
	GlobalSection(SolutionConfigurationPlatforms) = preSolution
		Debug|Any CPU = Debug|Any CPU
		Release|Any CPU = Release|Any CPU
	EndGlobalSection
	GlobalSection(ProjectConfigurationPlatforms) = postSolution
		{8B2B35AA-E75D-4114-A007-A9C6578A1DDA}.Debug|Any CPU.ActiveCfg = Debug|Any CPU
		{8B2B35AA-E75D-4114-A007-A9C6578A1DDA}.Debug|Any CPU.Build.0 = Debug|Any CPU
		{8B2B35AA-E75D-4114-A007-A9C6578A1DDA}.Release|Any CPU.ActiveCfg = Release|Any CPU
		{8B2B35AA-E75D-4114-A007-A9C6578A1DDA}.Release|Any CPU.Build.0 = Release|Any CPU
	EndGlobalSection
	GlobalSection(SolutionProperties) = preSolution
		HideSolutionNode = FALSE
	EndGlobalSection
	GlobalSection(ExtensibilityGlobals) = postSolution
		SolutionGuid = {727E7C62-E932-43C0-8A50-AD74B5EBDC0B}
	EndGlobalSection
EndGlobal
